
Microsoft Visual Studio Solution File, Format Version 12.00
# Visual Studio Version 17
VisualStudioVersion = 17.10.35027.167
MinimumVisualStudioVersion = 10.0.40219.1
Project("{9A19103F-16F7-4668-BE54-9A1E7A4F7556}") = "raylinder.App.Web", "raylinder.App.Web\raylinder.App.Web.csproj", "{D59B706D-AEE7-4CA5-80BE-EA2DBE1D2EEB}"
EndProject
Project("{9A19103F-16F7-4668-BE54-9A1E7A4F7556}") = "raylinder.API", "raylinder.API\raylinder.API.csproj", "{952E71AD-0E87-4E6D-A96C-CAF51636CE00}"
EndProject
Project("{9A19103F-16F7-4668-BE54-9A1E7A4F7556}") = "raylinder.App.Mobile", "raylinder.App.Mobile\raylinder.App.Mobile.csproj", "{DC694E5F-1216-4E2B-9D5D-827A8D08471B}"
EndProject
Project("{9A19103F-16F7-4668-BE54-9A1E7A4F7556}") = "raylinder.Models", "raylinder.API.Models\raylinder.Models.csproj", "{AF9C5F39-98CC-4723-80CC-344719EB506F}"
EndProject
Project("{9A19103F-16F7-4668-BE54-9A1E7A4F7556}") = "raylinder.API.Domains", "raylinder.API.Domains\raylinder.API.Domains.csproj", "{35384D5F-45CF-499B-8565-8CC1648C7CB6}"
EndProject
Project("{9A19103F-16F7-4668-BE54-9A1E7A4F7556}") = "raylinder.App.Web.Services", "raylinder.App.Web.Services\raylinder.App.Web.Services.csproj", "{6D3ED041-0DDB-4C60-8C5D-682DA6DFBF9E}"
EndProject
Project("{FAE04EC0-301F-11D3-BF4B-00C04F79EFBC}") = "raylinder.Repositories", "raylinder.Repositories\raylinder.Repositories.csproj", "{1A93C903-0ECB-409C-94A2-E7F6EB003B7A}"
EndProject
Project("{FAE04EC0-301F-11D3-BF4B-00C04F79EFBC}") = "raylinder.Domains", "raylinder.Domains\raylinder.Domains.csproj", "{D811F454-2113-4429-8AF8-E4ECDDC2DE68}"
EndProject
Project("{FAE04EC0-301F-11D3-BF4B-00C04F79EFBC}") = "raylinder.Data", "raylinder.Data\raylinder.Data.csproj", "{C0E38146-21F2-49B4-A129-5DFCFC32FBEF}"
EndProject
Project("{FAE04EC0-301F-11D3-BF4B-00C04F79EFBC}") = "raylinder.Entities", "raylinder.Entities\raylinder.Entities.csproj", "{11104461-9C9B-408D-9EF2-F038A76375ED}"
EndProject
Global
	GlobalSection(SolutionConfigurationPlatforms) = preSolution
		Debug|Any CPU = Debug|Any CPU
		Release|Any CPU = Release|Any CPU
	EndGlobalSection
	GlobalSection(ProjectConfigurationPlatforms) = postSolution
		{D59B706D-AEE7-4CA5-80BE-EA2DBE1D2EEB}.Debug|Any CPU.ActiveCfg = Debug|Any CPU
		{D59B706D-AEE7-4CA5-80BE-EA2DBE1D2EEB}.Debug|Any CPU.Build.0 = Debug|Any CPU
		{D59B706D-AEE7-4CA5-80BE-EA2DBE1D2EEB}.Release|Any CPU.ActiveCfg = Release|Any CPU
		{D59B706D-AEE7-4CA5-80BE-EA2DBE1D2EEB}.Release|Any CPU.Build.0 = Release|Any CPU
		{952E71AD-0E87-4E6D-A96C-CAF51636CE00}.Debug|Any CPU.ActiveCfg = Debug|Any CPU
		{952E71AD-0E87-4E6D-A96C-CAF51636CE00}.Debug|Any CPU.Build.0 = Debug|Any CPU
		{952E71AD-0E87-4E6D-A96C-CAF51636CE00}.Release|Any CPU.ActiveCfg = Release|Any CPU
		{952E71AD-0E87-4E6D-A96C-CAF51636CE00}.Release|Any CPU.Build.0 = Release|Any CPU
		{DC694E5F-1216-4E2B-9D5D-827A8D08471B}.Debug|Any CPU.ActiveCfg = Debug|Any CPU
		{DC694E5F-1216-4E2B-9D5D-827A8D08471B}.Debug|Any CPU.Build.0 = Debug|Any CPU
		{DC694E5F-1216-4E2B-9D5D-827A8D08471B}.Debug|Any CPU.Deploy.0 = Debug|Any CPU
		{DC694E5F-1216-4E2B-9D5D-827A8D08471B}.Release|Any CPU.ActiveCfg = Release|Any CPU
		{DC694E5F-1216-4E2B-9D5D-827A8D08471B}.Release|Any CPU.Build.0 = Release|Any CPU
		{DC694E5F-1216-4E2B-9D5D-827A8D08471B}.Release|Any CPU.Deploy.0 = Release|Any CPU
		{AF9C5F39-98CC-4723-80CC-344719EB506F}.Debug|Any CPU.ActiveCfg = Debug|Any CPU
		{AF9C5F39-98CC-4723-80CC-344719EB506F}.Debug|Any CPU.Build.0 = Debug|Any CPU
		{AF9C5F39-98CC-4723-80CC-344719EB506F}.Release|Any CPU.ActiveCfg = Release|Any CPU
		{AF9C5F39-98CC-4723-80CC-344719EB506F}.Release|Any CPU.Build.0 = Release|Any CPU
		{35384D5F-45CF-499B-8565-8CC1648C7CB6}.Debug|Any CPU.ActiveCfg = Debug|Any CPU
		{35384D5F-45CF-499B-8565-8CC1648C7CB6}.Debug|Any CPU.Build.0 = Debug|Any CPU
		{35384D5F-45CF-499B-8565-8CC1648C7CB6}.Release|Any CPU.ActiveCfg = Release|Any CPU
		{35384D5F-45CF-499B-8565-8CC1648C7CB6}.Release|Any CPU.Build.0 = Release|Any CPU
		{6D3ED041-0DDB-4C60-8C5D-682DA6DFBF9E}.Debug|Any CPU.ActiveCfg = Debug|Any CPU
		{6D3ED041-0DDB-4C60-8C5D-682DA6DFBF9E}.Debug|Any CPU.Build.0 = Debug|Any CPU
		{6D3ED041-0DDB-4C60-8C5D-682DA6DFBF9E}.Release|Any CPU.ActiveCfg = Release|Any CPU
		{6D3ED041-0DDB-4C60-8C5D-682DA6DFBF9E}.Release|Any CPU.Build.0 = Release|Any CPU
		{1A93C903-0ECB-409C-94A2-E7F6EB003B7A}.Debug|Any CPU.ActiveCfg = Debug|Any CPU
		{1A93C903-0ECB-409C-94A2-E7F6EB003B7A}.Debug|Any CPU.Build.0 = Debug|Any CPU
		{1A93C903-0ECB-409C-94A2-E7F6EB003B7A}.Release|Any CPU.ActiveCfg = Release|Any CPU
		{1A93C903-0ECB-409C-94A2-E7F6EB003B7A}.Release|Any CPU.Build.0 = Release|Any CPU
		{D811F454-2113-4429-8AF8-E4ECDDC2DE68}.Debug|Any CPU.ActiveCfg = Debug|Any CPU
		{D811F454-2113-4429-8AF8-E4ECDDC2DE68}.Debug|Any CPU.Build.0 = Debug|Any CPU
		{D811F454-2113-4429-8AF8-E4ECDDC2DE68}.Release|Any CPU.ActiveCfg = Release|Any CPU
		{D811F454-2113-4429-8AF8-E4ECDDC2DE68}.Release|Any CPU.Build.0 = Release|Any CPU
		{C0E38146-21F2-49B4-A129-5DFCFC32FBEF}.Debug|Any CPU.ActiveCfg = Debug|Any CPU
		{C0E38146-21F2-49B4-A129-5DFCFC32FBEF}.Debug|Any CPU.Build.0 = Debug|Any CPU
		{C0E38146-21F2-49B4-A129-5DFCFC32FBEF}.Release|Any CPU.ActiveCfg = Release|Any CPU
		{C0E38146-21F2-49B4-A129-5DFCFC32FBEF}.Release|Any CPU.Build.0 = Release|Any CPU
		{11104461-9C9B-408D-9EF2-F038A76375ED}.Debug|Any CPU.ActiveCfg = Debug|Any CPU
		{11104461-9C9B-408D-9EF2-F038A76375ED}.Debug|Any CPU.Build.0 = Debug|Any CPU
		{11104461-9C9B-408D-9EF2-F038A76375ED}.Release|Any CPU.ActiveCfg = Release|Any CPU
		{11104461-9C9B-408D-9EF2-F038A76375ED}.Release|Any CPU.Build.0 = Release|Any CPU
	EndGlobalSection
	GlobalSection(SolutionProperties) = preSolution
		HideSolutionNode = FALSE
	EndGlobalSection
	GlobalSection(ExtensibilityGlobals) = postSolution
		SolutionGuid = {95F34F54-9FD8-4EA5-BFCD-D5738EF7D4CE}
	EndGlobalSection
EndGlobal
