
Microsoft Visual Studio Solution File, Format Version 12.00
# Visual Studio Version 17
VisualStudioVersion = 17.10.35027.167
MinimumVisualStudioVersion = 10.0.40219.1
Project("{9A19103F-16F7-4668-BE54-9A1E7A4F7556}") = "raylinder.App.Web", "raylinder.App.Web\raylinder.App.Web.csproj", "{D59B706D-AEE7-4CA5-80BE-EA2DBE1D2EEB}"
EndProject
Global
	GlobalSection(SolutionConfigurationPlatforms) = preSolution
		Debug|Any CPU = Debug|Any CPU
		Release|Any CPU = Release|Any CPU
	EndGlobalSection
	GlobalSection(ProjectConfigurationPlatforms) = postSolution
		{D59B706D-AEE7-4CA5-80BE-EA2DBE1D2EEB}.Debug|Any CPU.ActiveCfg = Debug|Any CPU
		{D59B706D-AEE7-4CA5-80BE-EA2DBE1D2EEB}.Debug|Any CPU.Build.0 = Debug|Any CPU
		{D59B706D-AEE7-4CA5-80BE-EA2DBE1D2EEB}.Release|Any CPU.ActiveCfg = Release|Any CPU
		{D59B706D-AEE7-4CA5-80BE-EA2DBE1D2EEB}.Release|Any CPU.Build.0 = Release|Any CPU
	EndGlobalSection
	GlobalSection(SolutionProperties) = preSolution
		HideSolutionNode = FALSE
	EndGlobalSection
	GlobalSection(ExtensibilityGlobals) = postSolution
		SolutionGuid = {95F34F54-9FD8-4EA5-BFCD-D5738EF7D4CE}
	EndGlobalSection
EndGlobal
